// !$*UTF8*$!
{
	archiveVersion = 1;
	classes = {
	};
	objectVersion = 56;
	objects = {

/* Begin PBXBuildFile section */
		C732C0442C5F54D2006B2224 /* AstanaWeatherApp.swift in Sources */ = {isa = PBXBuildFile; fileRef = C732C0432C5F54D2006B2224 /* AstanaWeatherApp.swift */; };
		C732C0462C5F54D2006B2224 /* ContentView.swift in Sources */ = {isa = PBXBuildFile; fileRef = C732C0452C5F54D2006B2224 /* ContentView.swift */; };
		C732C0482C5F54D3006B2224 /* Assets.xcassets in Resources */ = {isa = PBXBuildFile; fileRef = C732C0472C5F54D3006B2224 /* Assets.xcassets */; };
		C732C0582C5F5652006B2224 /* Config.swift in Sources */ = {isa = PBXBuildFile; fileRef = C732C0572C5F5652006B2224 /* Config.swift */; };
		C732C05A2C5F5699006B2224 /* Colors.swift in Sources */ = {isa = PBXBuildFile; fileRef = C732C0592C5F5699006B2224 /* Colors.swift */; };
		C732C05D2C5F57A4006B2224 /* WeatherCard.swift in Sources */ = {isa = PBXBuildFile; fileRef = C732C05C2C5F57A4006B2224 /* WeatherCard.swift */; };
		C732C05F2C5F5970006B2224 /* WeatherService.swift in Sources */ = {isa = PBXBuildFile; fileRef = C732C05E2C5F5970006B2224 /* WeatherService.swift */; };
		C732C0612C5F5994006B2224 /* CurrentWeatherAPIModel.swift in Sources */ = {isa = PBXBuildFile; fileRef = C732C0602C5F5994006B2224 /* CurrentWeatherAPIModel.swift */; };
		C732C0642C5F59EF006B2224 /* WeatherCardMapper.swift in Sources */ = {isa = PBXBuildFile; fileRef = C732C0632C5F59EF006B2224 /* WeatherCardMapper.swift */; };
		C732C0662C5F5A36006B2224 /* CurrentWeatherView.swift in Sources */ = {isa = PBXBuildFile; fileRef = C732C0652C5F5A36006B2224 /* CurrentWeatherView.swift */; };
		C732C0682C5F62BC006B2224 /* WeatherViewModel.swift in Sources */ = {isa = PBXBuildFile; fileRef = C732C0672C5F62BC006B2224 /* WeatherViewModel.swift */; };
		C732C06A2C5F65FA006B2224 /* ForecastView.swift in Sources */ = {isa = PBXBuildFile; fileRef = C732C0692C5F65FA006B2224 /* ForecastView.swift */; };
		C732C06C2C5F6613006B2224 /* DailyWeather.swift in Sources */ = {isa = PBXBuildFile; fileRef = C732C06B2C5F6613006B2224 /* DailyWeather.swift */; };
		C732C06E2C5F6633006B2224 /* DailyWeatherView.swift in Sources */ = {isa = PBXBuildFile; fileRef = C732C06D2C5F6633006B2224 /* DailyWeatherView.swift */; };
		C732C0742C5F6D13006B2224 /* ForecastWeatherAPIModel.swift in Sources */ = {isa = PBXBuildFile; fileRef = C732C0732C5F6D12006B2224 /* ForecastWeatherAPIModel.swift */; };
		C732C07A2C5F8342006B2224 /* IconMapper.swift in Sources */ = {isa = PBXBuildFile; fileRef = C732C0792C5F8342006B2224 /* IconMapper.swift */; };
/* End PBXBuildFile section */

/* Begin PBXFileReference section */
		C732C0402C5F54D2006B2224 /* AstanaWeather.app */ = {isa = PBXFileReference; explicitFileType = wrapper.application; includeInIndex = 0; path = AstanaWeather.app; sourceTree = BUILT_PRODUCTS_DIR; };
		C732C0432C5F54D2006B2224 /* AstanaWeatherApp.swift */ = {isa = PBXFileReference; lastKnownFileType = sourcecode.swift; path = AstanaWeatherApp.swift; sourceTree = "<group>"; };
		C732C0452C5F54D2006B2224 /* ContentView.swift */ = {isa = PBXFileReference; lastKnownFileType = sourcecode.swift; path = ContentView.swift; sourceTree = "<group>"; };
		C732C0472C5F54D3006B2224 /* Assets.xcassets */ = {isa = PBXFileReference; lastKnownFileType = folder.assetcatalog; path = Assets.xcassets; sourceTree = "<group>"; };
		C732C0572C5F5652006B2224 /* Config.swift */ = {isa = PBXFileReference; lastKnownFileType = sourcecode.swift; path = Config.swift; sourceTree = "<group>"; };
		C732C0592C5F5699006B2224 /* Colors.swift */ = {isa = PBXFileReference; lastKnownFileType = sourcecode.swift; path = Colors.swift; sourceTree = "<group>"; };
		C732C05B2C5F56B7006B2224 /* Info.plist */ = {isa = PBXFileReference; lastKnownFileType = text.plist.xml; path = Info.plist; sourceTree = "<group>"; };
		C732C05C2C5F57A4006B2224 /* WeatherCard.swift */ = {isa = PBXFileReference; lastKnownFileType = sourcecode.swift; path = WeatherCard.swift; sourceTree = "<group>"; };
		C732C05E2C5F5970006B2224 /* WeatherService.swift */ = {isa = PBXFileReference; lastKnownFileType = sourcecode.swift; path = WeatherService.swift; sourceTree = "<group>"; };
		C732C0602C5F5994006B2224 /* CurrentWeatherAPIModel.swift */ = {isa = PBXFileReference; lastKnownFileType = sourcecode.swift; path = CurrentWeatherAPIModel.swift; sourceTree = "<group>"; };
		C732C0632C5F59EF006B2224 /* WeatherCardMapper.swift */ = {isa = PBXFileReference; lastKnownFileType = sourcecode.swift; path = WeatherCardMapper.swift; sourceTree = "<group>"; };
		C732C0652C5F5A36006B2224 /* CurrentWeatherView.swift */ = {isa = PBXFileReference; lastKnownFileType = sourcecode.swift; path = CurrentWeatherView.swift; sourceTree = "<group>"; };
		C732C0672C5F62BC006B2224 /* WeatherViewModel.swift */ = {isa = PBXFileReference; lastKnownFileType = sourcecode.swift; path = WeatherViewModel.swift; sourceTree = "<group>"; };
		C732C0692C5F65FA006B2224 /* ForecastView.swift */ = {isa = PBXFileReference; lastKnownFileType = sourcecode.swift; path = ForecastView.swift; sourceTree = "<group>"; };
		C732C06B2C5F6613006B2224 /* DailyWeather.swift */ = {isa = PBXFileReference; lastKnownFileType = sourcecode.swift; path = DailyWeather.swift; sourceTree = "<group>"; };
		C732C06D2C5F6633006B2224 /* DailyWeatherView.swift */ = {isa = PBXFileReference; lastKnownFileType = sourcecode.swift; path = DailyWeatherView.swift; sourceTree = "<group>"; };
		C732C0732C5F6D12006B2224 /* ForecastWeatherAPIModel.swift */ = {isa = PBXFileReference; lastKnownFileType = sourcecode.swift; path = ForecastWeatherAPIModel.swift; sourceTree = "<group>"; };
		C732C0792C5F8342006B2224 /* IconMapper.swift */ = {isa = PBXFileReference; lastKnownFileType = sourcecode.swift; path = IconMapper.swift; sourceTree = "<group>"; };
/* End PBXFileReference section */

/* Begin PBXFrameworksBuildPhase section */
		C732C03D2C5F54D2006B2224 /* Frameworks */ = {
			isa = PBXFrameworksBuildPhase;
			buildActionMask = 2147483647;
			files = (
			);
			runOnlyForDeploymentPostprocessing = 0;
		};
/* End PBXFrameworksBuildPhase section */

/* Begin PBXGroup section */
		C732C0372C5F54D2006B2224 = {
			isa = PBXGroup;
			children = (
				C732C0422C5F54D2006B2224 /* AstanaWeather */,
				C732C0412C5F54D2006B2224 /* Products */,
			);
			sourceTree = "<group>";
		};
		C732C0412C5F54D2006B2224 /* Products */ = {
			isa = PBXGroup;
			children = (
				C732C0402C5F54D2006B2224 /* AstanaWeather.app */,
			);
			name = Products;
			sourceTree = "<group>";
		};
		C732C0422C5F54D2006B2224 /* AstanaWeather */ = {
			isa = PBXGroup;
			children = (
				C732C0512C5F54DE006B2224 /* Application */,
				C732C0552C5F54FD006B2224 /* Views */,
				C732C0542C5F54F4006B2224 /* ViewModels */,
				C732C0532C5F54ED006B2224 /* Models */,
				C732C0622C5F59DB006B2224 /* Utils */,
				C732C0562C5F5502006B2224 /* Services */,
				C732C0522C5F54E4006B2224 /* Resources */,
			);
			path = AstanaWeather;
			sourceTree = "<group>";
		};
		C732C0512C5F54DE006B2224 /* Application */ = {
			isa = PBXGroup;
			children = (
				C732C0432C5F54D2006B2224 /* AstanaWeatherApp.swift */,
			);
			path = Application;
			sourceTree = "<group>";
		};
		C732C0522C5F54E4006B2224 /* Resources */ = {
			isa = PBXGroup;
			children = (
				C732C05B2C5F56B7006B2224 /* Info.plist */,
				C732C0472C5F54D3006B2224 /* Assets.xcassets */,
				C732C0572C5F5652006B2224 /* Config.swift */,
				C732C0592C5F5699006B2224 /* Colors.swift */,
			);
			path = Resources;
			sourceTree = "<group>";
		};
		C732C0532C5F54ED006B2224 /* Models */ = {
			isa = PBXGroup;
			children = (
				C732C05C2C5F57A4006B2224 /* WeatherCard.swift */,
				C732C0602C5F5994006B2224 /* CurrentWeatherAPIModel.swift */,
				C732C06B2C5F6613006B2224 /* DailyWeather.swift */,
				C732C0732C5F6D12006B2224 /* ForecastWeatherAPIModel.swift */,
			);
			path = Models;
			sourceTree = "<group>";
		};
		C732C0542C5F54F4006B2224 /* ViewModels */ = {
			isa = PBXGroup;
			children = (
				C732C0672C5F62BC006B2224 /* WeatherViewModel.swift */,
			);
			path = ViewModels;
			sourceTree = "<group>";
		};
		C732C0552C5F54FD006B2224 /* Views */ = {
			isa = PBXGroup;
			children = (
				C732C0452C5F54D2006B2224 /* ContentView.swift */,
				C732C0652C5F5A36006B2224 /* CurrentWeatherView.swift */,
				C732C0692C5F65FA006B2224 /* ForecastView.swift */,
				C732C06D2C5F6633006B2224 /* DailyWeatherView.swift */,
			);
			path = Views;
			sourceTree = "<group>";
		};
		C732C0562C5F5502006B2224 /* Services */ = {
			isa = PBXGroup;
			children = (
				C732C05E2C5F5970006B2224 /* WeatherService.swift */,
			);
			path = Services;
			sourceTree = "<group>";
		};
		C732C0622C5F59DB006B2224 /* Utils */ = {
			isa = PBXGroup;
			children = (
				C732C0632C5F59EF006B2224 /* WeatherCardMapper.swift */,
				C732C0792C5F8342006B2224 /* IconMapper.swift */,
			);
			path = Utils;
			sourceTree = "<group>";
		};
/* End PBXGroup section */

/* Begin PBXNativeTarget section */
		C732C03F2C5F54D2006B2224 /* AstanaWeather */ = {
			isa = PBXNativeTarget;
			buildConfigurationList = C732C04E2C5F54D3006B2224 /* Build configuration list for PBXNativeTarget "AstanaWeather" */;
			buildPhases = (
				C732C03C2C5F54D2006B2224 /* Sources */,
				C732C03D2C5F54D2006B2224 /* Frameworks */,
				C732C03E2C5F54D2006B2224 /* Resources */,
			);
			buildRules = (
			);
			dependencies = (
			);
			name = AstanaWeather;
			productName = AstanaWeather;
			productReference = C732C0402C5F54D2006B2224 /* AstanaWeather.app */;
			productType = "com.apple.product-type.application";
		};
/* End PBXNativeTarget section */

/* Begin PBXProject section */
		C732C0382C5F54D2006B2224 /* Project object */ = {
			isa = PBXProject;
			attributes = {
				BuildIndependentTargetsInParallel = 1;
				LastSwiftUpdateCheck = 1520;
				LastUpgradeCheck = 1520;
				TargetAttributes = {
					C732C03F2C5F54D2006B2224 = {
						CreatedOnToolsVersion = 15.2;
					};
				};
			};
			buildConfigurationList = C732C03B2C5F54D2006B2224 /* Build configuration list for PBXProject "AstanaWeather" */;
			compatibilityVersion = "Xcode 14.0";
			developmentRegion = en;
			hasScannedForEncodings = 0;
			knownRegions = (
				en,
				Base,
			);
			mainGroup = C732C0372C5F54D2006B2224;
			productRefGroup = C732C0412C5F54D2006B2224 /* Products */;
			projectDirPath = "";
			projectRoot = "";
			targets = (
				C732C03F2C5F54D2006B2224 /* AstanaWeather */,
			);
		};
/* End PBXProject section */

/* Begin PBXResourcesBuildPhase section */
		C732C03E2C5F54D2006B2224 /* Resources */ = {
			isa = PBXResourcesBuildPhase;
			buildActionMask = 2147483647;
			files = (
				C732C0482C5F54D3006B2224 /* Assets.xcassets in Resources */,
			);
			runOnlyForDeploymentPostprocessing = 0;
		};
/* End PBXResourcesBuildPhase section */

/* Begin PBXSourcesBuildPhase section */
		C732C03C2C5F54D2006B2224 /* Sources */ = {
			isa = PBXSourcesBuildPhase;
			buildActionMask = 2147483647;
			files = (
				C732C0462C5F54D2006B2224 /* ContentView.swift in Sources */,
				C732C0642C5F59EF006B2224 /* WeatherCardMapper.swift in Sources */,
				C732C06A2C5F65FA006B2224 /* ForecastView.swift in Sources */,
				C732C05A2C5F5699006B2224 /* Colors.swift in Sources */,
				C732C06E2C5F6633006B2224 /* DailyWeatherView.swift in Sources */,
				C732C0662C5F5A36006B2224 /* CurrentWeatherView.swift in Sources */,
				C732C0442C5F54D2006B2224 /* AstanaWeatherApp.swift in Sources */,
				C732C0682C5F62BC006B2224 /* WeatherViewModel.swift in Sources */,
				C732C0742C5F6D13006B2224 /* ForecastWeatherAPIModel.swift in Sources */,
				C732C05D2C5F57A4006B2224 /* WeatherCard.swift in Sources */,
				C732C06C2C5F6613006B2224 /* DailyWeather.swift in Sources */,
				C732C07A2C5F8342006B2224 /* IconMapper.swift in Sources */,
				C732C05F2C5F5970006B2224 /* WeatherService.swift in Sources */,
				C732C0612C5F5994006B2224 /* CurrentWeatherAPIModel.swift in Sources */,
				C732C0582C5F5652006B2224 /* Config.swift in Sources */,
			);
			runOnlyForDeploymentPostprocessing = 0;
		};
/* End PBXSourcesBuildPhase section */

/* Begin XCBuildConfiguration section */
		C732C04C2C5F54D3006B2224 /* Debug */ = {
			isa = XCBuildConfiguration;
			buildSettings = {
				ALWAYS_SEARCH_USER_PATHS = NO;
				ASSETCATALOG_COMPILER_GENERATE_SWIFT_ASSET_SYMBOL_EXTENSIONS = YES;
				CLANG_ANALYZER_NONNULL = YES;
				CLANG_ANALYZER_NUMBER_OBJECT_CONVERSION = YES_AGGRESSIVE;
				CLANG_CXX_LANGUAGE_STANDARD = "gnu++20";
				CLANG_ENABLE_MODULES = YES;
				CLANG_ENABLE_OBJC_ARC = YES;
				CLANG_ENABLE_OBJC_WEAK = YES;
				CLANG_WARN_BLOCK_CAPTURE_AUTORELEASING = YES;
				CLANG_WARN_BOOL_CONVERSION = YES;
				CLANG_WARN_COMMA = YES;
				CLANG_WARN_CONSTANT_CONVERSION = YES;
				CLANG_WARN_DEPRECATED_OBJC_IMPLEMENTATIONS = YES;
				CLANG_WARN_DIRECT_OBJC_ISA_USAGE = YES_ERROR;
				CLANG_WARN_DOCUMENTATION_COMMENTS = YES;
				CLANG_WARN_EMPTY_BODY = YES;
				CLANG_WARN_ENUM_CONVERSION = YES;
				CLANG_WARN_INFINITE_RECURSION = YES;
				CLANG_WARN_INT_CONVERSION = YES;
				CLANG_WARN_NON_LITERAL_NULL_CONVERSION = YES;
				CLANG_WARN_OBJC_IMPLICIT_RETAIN_SELF = YES;
				CLANG_WARN_OBJC_LITERAL_CONVERSION = YES;
				CLANG_WARN_OBJC_ROOT_CLASS = YES_ERROR;
				CLANG_WARN_QUOTED_INCLUDE_IN_FRAMEWORK_HEADER = YES;
				CLANG_WARN_RANGE_LOOP_ANALYSIS = YES;
				CLANG_WARN_STRICT_PROTOTYPES = YES;
				CLANG_WARN_SUSPICIOUS_MOVE = YES;
				CLANG_WARN_UNGUARDED_AVAILABILITY = YES_AGGRESSIVE;
				CLANG_WARN_UNREACHABLE_CODE = YES;
				CLANG_WARN__DUPLICATE_METHOD_MATCH = YES;
				COPY_PHASE_STRIP = NO;
				DEBUG_INFORMATION_FORMAT = dwarf;
				ENABLE_STRICT_OBJC_MSGSEND = YES;
				ENABLE_TESTABILITY = YES;
				ENABLE_USER_SCRIPT_SANDBOXING = YES;
				GCC_C_LANGUAGE_STANDARD = gnu17;
				GCC_DYNAMIC_NO_PIC = NO;
				GCC_NO_COMMON_BLOCKS = YES;
				GCC_OPTIMIZATION_LEVEL = 0;
				GCC_PREPROCESSOR_DEFINITIONS = (
					"DEBUG=1",
					"$(inherited)",
				);
				GCC_WARN_64_TO_32_BIT_CONVERSION = YES;
				GCC_WARN_ABOUT_RETURN_TYPE = YES_ERROR;
				GCC_WARN_UNDECLARED_SELECTOR = YES;
				GCC_WARN_UNINITIALIZED_AUTOS = YES_AGGRESSIVE;
				GCC_WARN_UNUSED_FUNCTION = YES;
				GCC_WARN_UNUSED_VARIABLE = YES;
				IPHONEOS_DEPLOYMENT_TARGET = 17.2;
				LOCALIZATION_PREFERS_STRING_CATALOGS = YES;
				MTL_ENABLE_DEBUG_INFO = INCLUDE_SOURCE;
				MTL_FAST_MATH = YES;
				ONLY_ACTIVE_ARCH = YES;
				SDKROOT = iphoneos;
				SWIFT_ACTIVE_COMPILATION_CONDITIONS = "DEBUG $(inherited)";
				SWIFT_OPTIMIZATION_LEVEL = "-Onone";
			};
			name = Debug;
		};
		C732C04D2C5F54D3006B2224 /* Release */ = {
			isa = XCBuildConfiguration;
			buildSettings = {
				ALWAYS_SEARCH_USER_PATHS = NO;
				ASSETCATALOG_COMPILER_GENERATE_SWIFT_ASSET_SYMBOL_EXTENSIONS = YES;
				CLANG_ANALYZER_NONNULL = YES;
				CLANG_ANALYZER_NUMBER_OBJECT_CONVERSION = YES_AGGRESSIVE;
				CLANG_CXX_LANGUAGE_STANDARD = "gnu++20";
				CLANG_ENABLE_MODULES = YES;
				CLANG_ENABLE_OBJC_ARC = YES;
				CLANG_ENABLE_OBJC_WEAK = YES;
				CLANG_WARN_BLOCK_CAPTURE_AUTORELEASING = YES;
				CLANG_WARN_BOOL_CONVERSION = YES;
				CLANG_WARN_COMMA = YES;
				CLANG_WARN_CONSTANT_CONVERSION = YES;
				CLANG_WARN_DEPRECATED_OBJC_IMPLEMENTATIONS = YES;
				CLANG_WARN_DIRECT_OBJC_ISA_USAGE = YES_ERROR;
				CLANG_WARN_DOCUMENTATION_COMMENTS = YES;
				CLANG_WARN_EMPTY_BODY = YES;
				CLANG_WARN_ENUM_CONVERSION = YES;
				CLANG_WARN_INFINITE_RECURSION = YES;
				CLANG_WARN_INT_CONVERSION = YES;
				CLANG_WARN_NON_LITERAL_NULL_CONVERSION = YES;
				CLANG_WARN_OBJC_IMPLICIT_RETAIN_SELF = YES;
				CLANG_WARN_OBJC_LITERAL_CONVERSION = YES;
				CLANG_WARN_OBJC_ROOT_CLASS = YES_ERROR;
				CLANG_WARN_QUOTED_INCLUDE_IN_FRAMEWORK_HEADER = YES;
				CLANG_WARN_RANGE_LOOP_ANALYSIS = YES;
				CLANG_WARN_STRICT_PROTOTYPES = YES;
				CLANG_WARN_SUSPICIOUS_MOVE = YES;
				CLANG_WARN_UNGUARDED_AVAILABILITY = YES_AGGRESSIVE;
				CLANG_WARN_UNREACHABLE_CODE = YES;
				CLANG_WARN__DUPLICATE_METHOD_MATCH = YES;
				COPY_PHASE_STRIP = NO;
				DEBUG_INFORMATION_FORMAT = "dwarf-with-dsym";
				ENABLE_NS_ASSERTIONS = NO;
				ENABLE_STRICT_OBJC_MSGSEND = YES;
				ENABLE_USER_SCRIPT_SANDBOXING = YES;
				GCC_C_LANGUAGE_STANDARD = gnu17;
				GCC_NO_COMMON_BLOCKS = YES;
				GCC_WARN_64_TO_32_BIT_CONVERSION = YES;
				GCC_WARN_ABOUT_RETURN_TYPE = YES_ERROR;
				GCC_WARN_UNDECLARED_SELECTOR = YES;
				GCC_WARN_UNINITIALIZED_AUTOS = YES_AGGRESSIVE;
				GCC_WARN_UNUSED_FUNCTION = YES;
				GCC_WARN_UNUSED_VARIABLE = YES;
				IPHONEOS_DEPLOYMENT_TARGET = 17.2;
				LOCALIZATION_PREFERS_STRING_CATALOGS = YES;
				MTL_ENABLE_DEBUG_INFO = NO;
				MTL_FAST_MATH = YES;
				SDKROOT = iphoneos;
				SWIFT_COMPILATION_MODE = wholemodule;
				VALIDATE_PRODUCT = YES;
			};
			name = Release;
		};
		C732C04F2C5F54D3006B2224 /* Debug */ = {
			isa = XCBuildConfiguration;
			buildSettings = {
				ASSETCATALOG_COMPILER_APPICON_NAME = AppIcon;
				ASSETCATALOG_COMPILER_GLOBAL_ACCENT_COLOR_NAME = AccentColor;
				CODE_SIGN_STYLE = Automatic;
				CURRENT_PROJECT_VERSION = 1;
				DEVELOPMENT_ASSET_PATHS = "\"AstanaWeather/Preview Content\"";
				DEVELOPMENT_TEAM = ZTRB6BXZN6;
				ENABLE_PREVIEWS = YES;
				GENERATE_INFOPLIST_FILE = YES;
				INFOPLIST_FILE = AstanaWeather/Resources/Info.plist;
				INFOPLIST_KEY_UIApplicationSceneManifest_Generation = YES;
				INFOPLIST_KEY_UIApplicationSupportsIndirectInputEvents = YES;
				INFOPLIST_KEY_UILaunchScreen_Generation = YES;
				INFOPLIST_KEY_UISupportedInterfaceOrientations_iPad = "UIInterfaceOrientationPortrait UIInterfaceOrientationPortraitUpsideDown UIInterfaceOrientationLandscapeLeft UIInterfaceOrientationLandscapeRight";
				INFOPLIST_KEY_UISupportedInterfaceOrientations_iPhone = "UIInterfaceOrientationPortrait UIInterfaceOrientationLandscapeLeft UIInterfaceOrientationLandscapeRight";
				LD_RUNPATH_SEARCH_PATHS = (
					"$(inherited)",
					"@executable_path/Frameworks",
				);
				MARKETING_VERSION = 1.0;
				PRODUCT_BUNDLE_IDENTIFIER = com.shakirkadirov.AstanaWeather;
				PRODUCT_NAME = "$(TARGET_NAME)";
				SUPPORTED_PLATFORMS = "iphoneos iphonesimulator";
				SUPPORTS_MACCATALYST = NO;
				SUPPORTS_MAC_DESIGNED_FOR_IPHONE_IPAD = NO;
				SUPPORTS_XR_DESIGNED_FOR_IPHONE_IPAD = NO;
				SWIFT_EMIT_LOC_STRINGS = YES;
				SWIFT_VERSION = 5.0;
				TARGETED_DEVICE_FAMILY = 1;
			};
			name = Debug;
		};
		C732C0502C5F54D3006B2224 /* Release */ = {
			isa = XCBuildConfiguration;
			buildSettings = {
				ASSETCATALOG_COMPILER_APPICON_NAME = AppIcon;
				ASSETCATALOG_COMPILER_GLOBAL_ACCENT_COLOR_NAME = AccentColor;
				CODE_SIGN_STYLE = Automatic;
				CURRENT_PROJECT_VERSION = 1;
				DEVELOPMENT_ASSET_PATHS = "\"AstanaWeather/Preview Content\"";
				DEVELOPMENT_TEAM = ZTRB6BXZN6;
				ENABLE_PREVIEWS = YES;
				GENERATE_INFOPLIST_FILE = YES;
				INFOPLIST_FILE = AstanaWeather/Resources/Info.plist;
				INFOPLIST_KEY_UIApplicationSceneManifest_Generation = YES;
				INFOPLIST_KEY_UIApplicationSupportsIndirectInputEvents = YES;
				INFOPLIST_KEY_UILaunchScreen_Generation = YES;
				INFOPLIST_KEY_UISupportedInterfaceOrientations_iPad = "UIInterfaceOrientationPortrait UIInterfaceOrientationPortraitUpsideDown UIInterfaceOrientationLandscapeLeft UIInterfaceOrientationLandscapeRight";
				INFOPLIST_KEY_UISupportedInterfaceOrientations_iPhone = "UIInterfaceOrientationPortrait UIInterfaceOrientationLandscapeLeft UIInterfaceOrientationLandscapeRight";
				LD_RUNPATH_SEARCH_PATHS = (
					"$(inherited)",
					"@executable_path/Frameworks",
				);
				MARKETING_VERSION = 1.0;
				PRODUCT_BUNDLE_IDENTIFIER = com.shakirkadirov.AstanaWeather;
				PRODUCT_NAME = "$(TARGET_NAME)";
				SUPPORTED_PLATFORMS = "iphoneos iphonesimulator";
				SUPPORTS_MACCATALYST = NO;
				SUPPORTS_MAC_DESIGNED_FOR_IPHONE_IPAD = NO;
				SUPPORTS_XR_DESIGNED_FOR_IPHONE_IPAD = NO;
				SWIFT_EMIT_LOC_STRINGS = YES;
				SWIFT_VERSION = 5.0;
				TARGETED_DEVICE_FAMILY = 1;
			};
			name = Release;
		};
/* End XCBuildConfiguration section */

/* Begin XCConfigurationList section */
		C732C03B2C5F54D2006B2224 /* Build configuration list for PBXProject "AstanaWeather" */ = {
			isa = XCConfigurationList;
			buildConfigurations = (
				C732C04C2C5F54D3006B2224 /* Debug */,
				C732C04D2C5F54D3006B2224 /* Release */,
			);
			defaultConfigurationIsVisible = 0;
			defaultConfigurationName = Release;
		};
		C732C04E2C5F54D3006B2224 /* Build configuration list for PBXNativeTarget "AstanaWeather" */ = {
			isa = XCConfigurationList;
			buildConfigurations = (
				C732C04F2C5F54D3006B2224 /* Debug */,
				C732C0502C5F54D3006B2224 /* Release */,
			);
			defaultConfigurationIsVisible = 0;
			defaultConfigurationName = Release;
		};
/* End XCConfigurationList section */
	};
	rootObject = C732C0382C5F54D2006B2224 /* Project object */;
}
